
Microsoft Visual Studio Solution File, Format Version 12.00
# Visual Studio 15
VisualStudioVersion = 15.0.26430.16
MinimumVisualStudioVersion = 10.0.40219.1
Project("{9A19103F-16F7-4668-BE54-9A1E7A4F7556}") = "Cake.Helpers", "src\Cake.Helpers\Cake.Helpers.csproj", "{934540A4-906D-4637-A0B4-F8A662588C6A}"
EndProject
Project("{9A19103F-16F7-4668-BE54-9A1E7A4F7556}") = "Cake.Helpers.Tests.Unit", "test\Cake.Helpers.Tests.Unit\Cake.Helpers.Tests.Unit.csproj", "{35A3BF7E-DF00-46C8-9EFA-F7804106A24B}"
EndProject
Global
	GlobalSection(SolutionConfigurationPlatforms) = preSolution
		Debug|Any CPU = Debug|Any CPU
		Release|Any CPU = Release|Any CPU
	EndGlobalSection
	GlobalSection(ProjectConfigurationPlatforms) = postSolution
		{934540A4-906D-4637-A0B4-F8A662588C6A}.Debug|Any CPU.ActiveCfg = Debug|Any CPU
		{934540A4-906D-4637-A0B4-F8A662588C6A}.Debug|Any CPU.Build.0 = Debug|Any CPU
		{934540A4-906D-4637-A0B4-F8A662588C6A}.Release|Any CPU.ActiveCfg = Release|Any CPU
		{934540A4-906D-4637-A0B4-F8A662588C6A}.Release|Any CPU.Build.0 = Release|Any CPU
		{35A3BF7E-DF00-46C8-9EFA-F7804106A24B}.Debug|Any CPU.ActiveCfg = Debug|Any CPU
		{35A3BF7E-DF00-46C8-9EFA-F7804106A24B}.Debug|Any CPU.Build.0 = Debug|Any CPU
		{35A3BF7E-DF00-46C8-9EFA-F7804106A24B}.Release|Any CPU.ActiveCfg = Release|Any CPU
		{35A3BF7E-DF00-46C8-9EFA-F7804106A24B}.Release|Any CPU.Build.0 = Release|Any CPU
	EndGlobalSection
	GlobalSection(SolutionProperties) = preSolution
		HideSolutionNode = FALSE
	EndGlobalSection
EndGlobal
